
Microsoft Visual Studio Solution File, Format Version 12.00
# Visual Studio Version 17
VisualStudioVersion = 17.11.35303.130
MinimumVisualStudioVersion = 10.0.40219.1
Project("{FAE04EC0-301F-11D3-BF4B-00C04F79EFBC}") = "BaiTapBuoi5", "BaiTapBuoi5\BaiTapBuoi5.csproj", "{B3A3BA1A-3A09-4AE7-89B2-E9FFE4F9BD8E}"
EndProject
Global
	GlobalSection(SolutionConfigurationPlatforms) = preSolution
		Debug|Any CPU = Debug|Any CPU
		Release|Any CPU = Release|Any CPU
	EndGlobalSection
	GlobalSection(ProjectConfigurationPlatforms) = postSolution
		{B3A3BA1A-3A09-4AE7-89B2-E9FFE4F9BD8E}.Debug|Any CPU.ActiveCfg = Debug|Any CPU
		{B3A3BA1A-3A09-4AE7-89B2-E9FFE4F9BD8E}.Debug|Any CPU.Build.0 = Debug|Any CPU
		{B3A3BA1A-3A09-4AE7-89B2-E9FFE4F9BD8E}.Release|Any CPU.ActiveCfg = Release|Any CPU
		{B3A3BA1A-3A09-4AE7-89B2-E9FFE4F9BD8E}.Release|Any CPU.Build.0 = Release|Any CPU
	EndGlobalSection
	GlobalSection(SolutionProperties) = preSolution
		HideSolutionNode = FALSE
	EndGlobalSection
	GlobalSection(ExtensibilityGlobals) = postSolution
		SolutionGuid = {F10826AF-53D6-4433-8E78-BAB3A730D4A5}
	EndGlobalSection
EndGlobal
